
Microsoft Visual Studio Solution File, Format Version 12.00
# Visual Studio Version 16
VisualStudioVersion = 16.0.30114.105
MinimumVisualStudioVersion = 10.0.40219.1
Project("{F2A71F9B-5D33-465A-A702-920D77279786}") = "Algorithms", "Algorithms\Algorithms.fsproj", "{64431A17-3730-40FB-8D2A-19F8BBB9222B}"
EndProject
Project("{F2A71F9B-5D33-465A-A702-920D77279786}") = "Algorithms.Tests", "Algorithms.Tests\Algorithms.Tests.fsproj", "{15D2EDF7-9853-4771-B755-105520B2AAE7}"
EndProject
Global
	GlobalSection(SolutionConfigurationPlatforms) = preSolution
		Debug|Any CPU = Debug|Any CPU
		Release|Any CPU = Release|Any CPU
	EndGlobalSection
	GlobalSection(SolutionProperties) = preSolution
		HideSolutionNode = FALSE
	EndGlobalSection
	GlobalSection(ProjectConfigurationPlatforms) = postSolution
		{64431A17-3730-40FB-8D2A-19F8BBB9222B}.Debug|Any CPU.ActiveCfg = Debug|Any CPU
		{64431A17-3730-40FB-8D2A-19F8BBB9222B}.Debug|Any CPU.Build.0 = Debug|Any CPU
		{64431A17-3730-40FB-8D2A-19F8BBB9222B}.Release|Any CPU.ActiveCfg = Release|Any CPU
		{64431A17-3730-40FB-8D2A-19F8BBB9222B}.Release|Any CPU.Build.0 = Release|Any CPU
		{15D2EDF7-9853-4771-B755-105520B2AAE7}.Debug|Any CPU.ActiveCfg = Debug|Any CPU
		{15D2EDF7-9853-4771-B755-105520B2AAE7}.Debug|Any CPU.Build.0 = Debug|Any CPU
		{15D2EDF7-9853-4771-B755-105520B2AAE7}.Release|Any CPU.ActiveCfg = Release|Any CPU
		{15D2EDF7-9853-4771-B755-105520B2AAE7}.Release|Any CPU.Build.0 = Release|Any CPU
	EndGlobalSection
EndGlobal
